PODS:
  - Alamofire (5.4.1)
  - RxSwift (5.1.1)
  - SwiftyJSON (4.3.0)

DEPENDENCIES:
  - Alamofire (~> 5.2)
  - RxSwift (~> 5)
  - SwiftyJSON (~> 4.0)

SPEC REPOS:
  trunk:
    - Alamofire
    - RxSwift
    - SwiftyJSON

SPEC CHECKSUMS:
  Alamofire: 2291f7d21ca607c491dd17642e5d40fdcda0e65c
  RxSwift: 81470a2074fa8780320ea5fe4102807cb7118178
  SwiftyJSON: 6faa0040f8b59dead0ee07436cbf76b73c08fd08

PODFILE CHECKSUM: aa5493b8d8e732945a4230cdd2018be883d091d3

COCOAPODS: 1.10.0
